<?xml version="1.0" encoding="UTF-8" standalone="yes" ?>
<CodeBlocks_project_file>
	<FileVersion major="1" minor="6" />
	<Project>
		<Option title="sfml-wrappers" />
		<Option pch_mode="2" />
		<Option compiler="gcc" />
		<Build>
			<Target title="Debug">
				<Option output="bin/Debug/sfml-wrappers" prefix_auto="1" extension_auto="1" />
				<Option object_output="obj/Debug/" />
				<Option type="1" />
				<Option compiler="gcc" />
				<Compiler>
					<Add option="-g" />
				</Compiler>
				<Linker>
					<Add option="-lopengl32" />
					<Add option="-lglu32" />
				</Linker>
			</Target>
			<Target title="Release">
				<Option output="bin/Release/sfml-wrappers" prefix_auto="1" extension_auto="1" />
				<Option object_output="obj/Release/" />
				<Option type="0" />
				<Option compiler="gcc" />
				<Compiler>
					<Add option="-O2" />
				</Compiler>
				<Linker>
					<Add option="-s" />
				</Linker>
			</Target>
		</Build>
		<Compiler>
			<Add option="-Wall" />
			<Add directory="F:/MinGW/include/SFML-1.6/include" />
		</Compiler>
		<Linker>
			<Add library="mingw32" />
			<Add library="sfml-graphics" />
			<Add library="sfml-window" />
			<Add library="sfml-system" />
			<Add library="user32" />
			<Add library="gdi32" />
			<Add library="winmm" />
			<Add library="dxguid" />
			<Add directory="F:/MinGW/include/SFML-1.6/lib" />
		</Linker>
		<Unit filename="2dGraphics.cpp" />
		<Unit filename="2dGraphics.h" />
		<Unit filename="cb.bmp" />
		<Unit filename="game_control.cpp" />
		<Unit filename="game_control.h" />
		<Unit filename="main.cpp" />
		<Unit filename="screen.cpp" />
		<Unit filename="screen.h" />
		<Extensions>
			<DoxyBlocks>
				<comment_style block="0" line="0" />
				<doxyfile_project />
				<doxyfile_build />
				<doxyfile_warnings />
				<doxyfile_output />
				<doxyfile_dot />
				<general />
			</DoxyBlocks>
			<code_completion />
			<envvars />
			<debugger />
		</Extensions>
	</Project>
</CodeBlocks_project_file>
